
Microsoft Visual Studio Solution File, Format Version 12.00
# Visual Studio 14
VisualStudioVersion = 14.0.25420.1
MinimumVisualStudioVersion = 10.0.40219.1
Project("{FAE04EC0-301F-11D3-BF4B-00C04F79EFBC}") = "Edison.Framework", "Edison.Framework\Edison.Framework.csproj", "{D7081147-8C02-4400-9B30-59D0AEC9591B}"
EndProject
Project("{FAE04EC0-301F-11D3-BF4B-00C04F79EFBC}") = "Edison.Engine", "Edison.Engine\Edison.Engine.csproj", "{06646721-6350-4C99-ACDA-831E03C9E069}"
EndProject
Project("{FAE04EC0-301F-11D3-BF4B-00C04F79EFBC}") = "Edison.Console", "Edison.Console\Edison.Console.csproj", "{92F4DC3D-6AC9-4793-8A59-D37A760E26EA}"
EndProject
Project("{FAE04EC0-301F-11D3-BF4B-00C04F79EFBC}") = "Edison.Tests", "Edison.Tests\Edison.Tests.csproj", "{4FB820CF-101D-48C9-A82E-83BED4E7A156}"
EndProject
Project("{FAE04EC0-301F-11D3-BF4B-00C04F79EFBC}") = "Edison.Framework.Test", "Edison.Framework.Test\Edison.Framework.Test.csproj", "{F3646622-66CE-449F-A3DA-A0A8C86D285D}"
EndProject
Project("{FAE04EC0-301F-11D3-BF4B-00C04F79EFBC}") = "Edison.GUI", "Edison.GUI\Edison.GUI.csproj", "{38601156-182E-4EFF-A447-85E2A2664FDF}"
EndProject
Project("{FAE04EC0-301F-11D3-BF4B-00C04F79EFBC}") = "Edison.Console.Test", "Edison.Console.Test\Edison.Console.Test.csproj", "{ADC46863-8549-4AE9-881D-D236754E2066}"
EndProject
Project("{FAE04EC0-301F-11D3-BF4B-00C04F79EFBC}") = "Edison.Injector", "Edison.Injector\Edison.Injector.csproj", "{8683F1F4-D9F5-42E6-82C0-92F7D95C1001}"
EndProject
Project("{FAE04EC0-301F-11D3-BF4B-00C04F79EFBC}") = "Edison.Engine.Test", "Edison.Engine.Test\Edison.Engine.Test.csproj", "{9E8ACC02-7D06-4096-B1EE-2B58B5E42784}"
EndProject
Project("{FAE04EC0-301F-11D3-BF4B-00C04F79EFBC}") = "Edison.Resources", "Edison.Resources\Edison.Resources.csproj", "{E5E3A739-1710-4EE8-8BC8-C7C963A21D8F}"
EndProject
Global
	GlobalSection(SolutionConfigurationPlatforms) = preSolution
		Debug|Any CPU = Debug|Any CPU
		Release|Any CPU = Release|Any CPU
	EndGlobalSection
	GlobalSection(ProjectConfigurationPlatforms) = postSolution
		{D7081147-8C02-4400-9B30-59D0AEC9591B}.Debug|Any CPU.ActiveCfg = Debug|Any CPU
		{D7081147-8C02-4400-9B30-59D0AEC9591B}.Debug|Any CPU.Build.0 = Debug|Any CPU
		{D7081147-8C02-4400-9B30-59D0AEC9591B}.Release|Any CPU.ActiveCfg = Release|Any CPU
		{D7081147-8C02-4400-9B30-59D0AEC9591B}.Release|Any CPU.Build.0 = Release|Any CPU
		{06646721-6350-4C99-ACDA-831E03C9E069}.Debug|Any CPU.ActiveCfg = Debug|Any CPU
		{06646721-6350-4C99-ACDA-831E03C9E069}.Debug|Any CPU.Build.0 = Debug|Any CPU
		{06646721-6350-4C99-ACDA-831E03C9E069}.Release|Any CPU.ActiveCfg = Release|Any CPU
		{06646721-6350-4C99-ACDA-831E03C9E069}.Release|Any CPU.Build.0 = Release|Any CPU
		{92F4DC3D-6AC9-4793-8A59-D37A760E26EA}.Debug|Any CPU.ActiveCfg = Debug|Any CPU
		{92F4DC3D-6AC9-4793-8A59-D37A760E26EA}.Debug|Any CPU.Build.0 = Debug|Any CPU
		{92F4DC3D-6AC9-4793-8A59-D37A760E26EA}.Release|Any CPU.ActiveCfg = Release|Any CPU
		{92F4DC3D-6AC9-4793-8A59-D37A760E26EA}.Release|Any CPU.Build.0 = Release|Any CPU
		{4FB820CF-101D-48C9-A82E-83BED4E7A156}.Debug|Any CPU.ActiveCfg = Debug|Any CPU
		{4FB820CF-101D-48C9-A82E-83BED4E7A156}.Debug|Any CPU.Build.0 = Debug|Any CPU
		{4FB820CF-101D-48C9-A82E-83BED4E7A156}.Release|Any CPU.ActiveCfg = Release|Any CPU
		{4FB820CF-101D-48C9-A82E-83BED4E7A156}.Release|Any CPU.Build.0 = Release|Any CPU
		{F3646622-66CE-449F-A3DA-A0A8C86D285D}.Debug|Any CPU.ActiveCfg = Debug|Any CPU
		{F3646622-66CE-449F-A3DA-A0A8C86D285D}.Debug|Any CPU.Build.0 = Debug|Any CPU
		{F3646622-66CE-449F-A3DA-A0A8C86D285D}.Release|Any CPU.ActiveCfg = Release|Any CPU
		{F3646622-66CE-449F-A3DA-A0A8C86D285D}.Release|Any CPU.Build.0 = Release|Any CPU
		{38601156-182E-4EFF-A447-85E2A2664FDF}.Debug|Any CPU.ActiveCfg = Debug|Any CPU
		{38601156-182E-4EFF-A447-85E2A2664FDF}.Debug|Any CPU.Build.0 = Debug|Any CPU
		{38601156-182E-4EFF-A447-85E2A2664FDF}.Release|Any CPU.ActiveCfg = Release|Any CPU
		{38601156-182E-4EFF-A447-85E2A2664FDF}.Release|Any CPU.Build.0 = Release|Any CPU
		{ADC46863-8549-4AE9-881D-D236754E2066}.Debug|Any CPU.ActiveCfg = Debug|Any CPU
		{ADC46863-8549-4AE9-881D-D236754E2066}.Debug|Any CPU.Build.0 = Debug|Any CPU
		{ADC46863-8549-4AE9-881D-D236754E2066}.Release|Any CPU.ActiveCfg = Release|Any CPU
		{ADC46863-8549-4AE9-881D-D236754E2066}.Release|Any CPU.Build.0 = Release|Any CPU
		{8683F1F4-D9F5-42E6-82C0-92F7D95C1001}.Debug|Any CPU.ActiveCfg = Debug|Any CPU
		{8683F1F4-D9F5-42E6-82C0-92F7D95C1001}.Debug|Any CPU.Build.0 = Debug|Any CPU
		{8683F1F4-D9F5-42E6-82C0-92F7D95C1001}.Release|Any CPU.ActiveCfg = Release|Any CPU
		{8683F1F4-D9F5-42E6-82C0-92F7D95C1001}.Release|Any CPU.Build.0 = Release|Any CPU
		{9E8ACC02-7D06-4096-B1EE-2B58B5E42784}.Debug|Any CPU.ActiveCfg = Debug|Any CPU
		{9E8ACC02-7D06-4096-B1EE-2B58B5E42784}.Debug|Any CPU.Build.0 = Debug|Any CPU
		{9E8ACC02-7D06-4096-B1EE-2B58B5E42784}.Release|Any CPU.ActiveCfg = Release|Any CPU
		{9E8ACC02-7D06-4096-B1EE-2B58B5E42784}.Release|Any CPU.Build.0 = Release|Any CPU
		{E5E3A739-1710-4EE8-8BC8-C7C963A21D8F}.Debug|Any CPU.ActiveCfg = Debug|Any CPU
		{E5E3A739-1710-4EE8-8BC8-C7C963A21D8F}.Debug|Any CPU.Build.0 = Debug|Any CPU
		{E5E3A739-1710-4EE8-8BC8-C7C963A21D8F}.Release|Any CPU.ActiveCfg = Release|Any CPU
		{E5E3A739-1710-4EE8-8BC8-C7C963A21D8F}.Release|Any CPU.Build.0 = Release|Any CPU
	EndGlobalSection
	GlobalSection(SolutionProperties) = preSolution
		HideSolutionNode = FALSE
	EndGlobalSection
EndGlobal
